
Microsoft Visual Studio Solution File, Format Version 12.00
# Visual Studio Version 16
VisualStudioVersion = 16.0.30114.105
MinimumVisualStudioVersion = 10.0.40219.1
Project("{FAE04EC0-301F-11D3-BF4B-00C04F79EFBC}") = "TrabjoEntregar", "TrabjoEntregar.csproj", "{9239AC2E-A6D7-484D-8EF6-FB801296E5DA}"
EndProject
Global
	GlobalSection(SolutionConfigurationPlatforms) = preSolution
		Debug|Any CPU = Debug|Any CPU
		Release|Any CPU = Release|Any CPU
	EndGlobalSection
	GlobalSection(ProjectConfigurationPlatforms) = postSolution
		{9239AC2E-A6D7-484D-8EF6-FB801296E5DA}.Debug|Any CPU.ActiveCfg = Debug|Any CPU
		{9239AC2E-A6D7-484D-8EF6-FB801296E5DA}.Debug|Any CPU.Build.0 = Debug|Any CPU
		{9239AC2E-A6D7-484D-8EF6-FB801296E5DA}.Release|Any CPU.ActiveCfg = Release|Any CPU
		{9239AC2E-A6D7-484D-8EF6-FB801296E5DA}.Release|Any CPU.Build.0 = Release|Any CPU
	EndGlobalSection
	GlobalSection(SolutionProperties) = preSolution
		HideSolutionNode = FALSE
	EndGlobalSection
	GlobalSection(ExtensibilityGlobals) = postSolution
		SolutionGuid = {0B6ECE0E-59A9-4348-9131-7132DC58BC5A}
	EndGlobalSection
EndGlobal
